
Microsoft Visual Studio Solution File, Format Version 12.00
# Visual Studio Version 17
VisualStudioVersion = 17.7.34221.43
MinimumVisualStudioVersion = 10.0.40219.1
Project("{9A19103F-16F7-4668-BE54-9A1E7A4F7556}") = "CQRS.Host", "API\CQRS.Host.csproj", "{0756D276-A249-494B-A207-58EC87D1BF9A}"
EndProject
Project("{9A19103F-16F7-4668-BE54-9A1E7A4F7556}") = "CQRS.Domain", "Domain\CQRS.Domain.csproj", "{1BE8A4C2-5159-47FC-BEA3-423F4F56DCA4}"
EndProject
Project("{9A19103F-16F7-4668-BE54-9A1E7A4F7556}") = "CQRS.Database", "Database\CQRS.Database.csproj", "{453B3D83-879A-49F3-96D8-749D58976147}"
EndProject
Project("{9A19103F-16F7-4668-BE54-9A1E7A4F7556}") = "CQRS.Persistence", "Persistance\CQRS.Persistence.csproj", "{692D264D-9CE1-4D36-B09C-75EDE483CA97}"
EndProject
Project("{9A19103F-16F7-4668-BE54-9A1E7A4F7556}") = "CQRS.Application", "Application\CQRS.Application.csproj", "{E8433F27-C1E5-4930-B447-487BABEB387E}"
EndProject
Project("{9A19103F-16F7-4668-BE54-9A1E7A4F7556}") = "CQRS.Infrastructure", "Infrastructure\CQRS.Infrastructure.csproj", "{92E4AD73-C3B9-42CB-BE91-414DC88C8C25}"
EndProject
Project("{2150E333-8FDC-42A3-9474-1A3956D46DE8}") = "Core", "Core", "{CBE601C7-5E07-4AE3-9FCC-96C34339C3B1}"
EndProject
Project("{2150E333-8FDC-42A3-9474-1A3956D46DE8}") = "Api", "Api", "{AF2D1257-53FF-47D5-8E4D-C152E1289C2F}"
EndProject
Project("{2150E333-8FDC-42A3-9474-1A3956D46DE8}") = "Infrastructure", "Infrastructure", "{498ADB7F-3D6F-4371-94D1-AC46C6E6E8FE}"
EndProject
Project("{2150E333-8FDC-42A3-9474-1A3956D46DE8}") = "Test", "Test", "{95D09B11-9880-447D-8AC9-E233E0558DA9}"
EndProject
Project("{FAE04EC0-301F-11D3-BF4B-00C04F79EFBC}") = "CQRS.UnitTest", "UnitTest\CQRS.UnitTest.csproj", "{676FF610-D294-4283-BE4B-85304127E870}"
EndProject
Project("{FAE04EC0-301F-11D3-BF4B-00C04F79EFBC}") = "CQRS.IntegrationTest", "IntegrationTest\CQRS.IntegrationTest.csproj", "{9C96BADA-00C4-4EF2-A38B-F536DA8EBCDF}"
EndProject
Global
	GlobalSection(SolutionConfigurationPlatforms) = preSolution
		Debug|Any CPU = Debug|Any CPU
		Release|Any CPU = Release|Any CPU
	EndGlobalSection
	GlobalSection(ProjectConfigurationPlatforms) = postSolution
		{0756D276-A249-494B-A207-58EC87D1BF9A}.Debug|Any CPU.ActiveCfg = Debug|Any CPU
		{0756D276-A249-494B-A207-58EC87D1BF9A}.Debug|Any CPU.Build.0 = Debug|Any CPU
		{0756D276-A249-494B-A207-58EC87D1BF9A}.Release|Any CPU.ActiveCfg = Release|Any CPU
		{0756D276-A249-494B-A207-58EC87D1BF9A}.Release|Any CPU.Build.0 = Release|Any CPU
		{1BE8A4C2-5159-47FC-BEA3-423F4F56DCA4}.Debug|Any CPU.ActiveCfg = Debug|Any CPU
		{1BE8A4C2-5159-47FC-BEA3-423F4F56DCA4}.Debug|Any CPU.Build.0 = Debug|Any CPU
		{1BE8A4C2-5159-47FC-BEA3-423F4F56DCA4}.Release|Any CPU.ActiveCfg = Release|Any CPU
		{1BE8A4C2-5159-47FC-BEA3-423F4F56DCA4}.Release|Any CPU.Build.0 = Release|Any CPU
		{453B3D83-879A-49F3-96D8-749D58976147}.Debug|Any CPU.ActiveCfg = Debug|Any CPU
		{453B3D83-879A-49F3-96D8-749D58976147}.Debug|Any CPU.Build.0 = Debug|Any CPU
		{453B3D83-879A-49F3-96D8-749D58976147}.Release|Any CPU.ActiveCfg = Release|Any CPU
		{453B3D83-879A-49F3-96D8-749D58976147}.Release|Any CPU.Build.0 = Release|Any CPU
		{692D264D-9CE1-4D36-B09C-75EDE483CA97}.Debug|Any CPU.ActiveCfg = Debug|Any CPU
		{692D264D-9CE1-4D36-B09C-75EDE483CA97}.Debug|Any CPU.Build.0 = Debug|Any CPU
		{692D264D-9CE1-4D36-B09C-75EDE483CA97}.Release|Any CPU.ActiveCfg = Release|Any CPU
		{692D264D-9CE1-4D36-B09C-75EDE483CA97}.Release|Any CPU.Build.0 = Release|Any CPU
		{E8433F27-C1E5-4930-B447-487BABEB387E}.Debug|Any CPU.ActiveCfg = Debug|Any CPU
		{E8433F27-C1E5-4930-B447-487BABEB387E}.Debug|Any CPU.Build.0 = Debug|Any CPU
		{E8433F27-C1E5-4930-B447-487BABEB387E}.Release|Any CPU.ActiveCfg = Release|Any CPU
		{E8433F27-C1E5-4930-B447-487BABEB387E}.Release|Any CPU.Build.0 = Release|Any CPU
		{92E4AD73-C3B9-42CB-BE91-414DC88C8C25}.Debug|Any CPU.ActiveCfg = Debug|Any CPU
		{92E4AD73-C3B9-42CB-BE91-414DC88C8C25}.Debug|Any CPU.Build.0 = Debug|Any CPU
		{92E4AD73-C3B9-42CB-BE91-414DC88C8C25}.Release|Any CPU.ActiveCfg = Release|Any CPU
		{92E4AD73-C3B9-42CB-BE91-414DC88C8C25}.Release|Any CPU.Build.0 = Release|Any CPU
		{676FF610-D294-4283-BE4B-85304127E870}.Debug|Any CPU.ActiveCfg = Debug|Any CPU
		{676FF610-D294-4283-BE4B-85304127E870}.Debug|Any CPU.Build.0 = Debug|Any CPU
		{676FF610-D294-4283-BE4B-85304127E870}.Release|Any CPU.ActiveCfg = Release|Any CPU
		{676FF610-D294-4283-BE4B-85304127E870}.Release|Any CPU.Build.0 = Release|Any CPU
		{9C96BADA-00C4-4EF2-A38B-F536DA8EBCDF}.Debug|Any CPU.ActiveCfg = Debug|Any CPU
		{9C96BADA-00C4-4EF2-A38B-F536DA8EBCDF}.Debug|Any CPU.Build.0 = Debug|Any CPU
		{9C96BADA-00C4-4EF2-A38B-F536DA8EBCDF}.Release|Any CPU.ActiveCfg = Release|Any CPU
		{9C96BADA-00C4-4EF2-A38B-F536DA8EBCDF}.Release|Any CPU.Build.0 = Release|Any CPU
	EndGlobalSection
	GlobalSection(SolutionProperties) = preSolution
		HideSolutionNode = FALSE
	EndGlobalSection
	GlobalSection(NestedProjects) = preSolution
		{0756D276-A249-494B-A207-58EC87D1BF9A} = {AF2D1257-53FF-47D5-8E4D-C152E1289C2F}
		{1BE8A4C2-5159-47FC-BEA3-423F4F56DCA4} = {CBE601C7-5E07-4AE3-9FCC-96C34339C3B1}
		{453B3D83-879A-49F3-96D8-749D58976147} = {498ADB7F-3D6F-4371-94D1-AC46C6E6E8FE}
		{692D264D-9CE1-4D36-B09C-75EDE483CA97} = {498ADB7F-3D6F-4371-94D1-AC46C6E6E8FE}
		{E8433F27-C1E5-4930-B447-487BABEB387E} = {CBE601C7-5E07-4AE3-9FCC-96C34339C3B1}
		{92E4AD73-C3B9-42CB-BE91-414DC88C8C25} = {498ADB7F-3D6F-4371-94D1-AC46C6E6E8FE}
		{676FF610-D294-4283-BE4B-85304127E870} = {95D09B11-9880-447D-8AC9-E233E0558DA9}
		{9C96BADA-00C4-4EF2-A38B-F536DA8EBCDF} = {95D09B11-9880-447D-8AC9-E233E0558DA9}
	EndGlobalSection
	GlobalSection(ExtensibilityGlobals) = postSolution
		SolutionGuid = {ACF64D3D-392D-4457-B221-4C0222CEA28D}
	EndGlobalSection
EndGlobal
